
Microsoft Visual Studio Solution File, Format Version 12.00
# Visual Studio 15
Project("{FAE04EC0-301F-11D3-BF4B-00C04F79EFBC}") = "Assembly-CSharp", "Assembly-CSharp.csproj", "{AAC1B5D2-5397-E870-CDBC-C27E53E9EC92}"
EndProject
Global
	GlobalSection(SolutionConfigurationPlatforms) = preSolution
		Debug|Any CPU = Debug|Any CPU
		Release|Any CPU = Release|Any CPU
	EndGlobalSection
	GlobalSection(ProjectConfigurationPlatforms) = postSolution
		{AAC1B5D2-5397-E870-CDBC-C27E53E9EC92}.Debug|Any CPU.ActiveCfg = Debug|Any CPU
		{AAC1B5D2-5397-E870-CDBC-C27E53E9EC92}.Debug|Any CPU.Build.0 = Debug|Any CPU
		{AAC1B5D2-5397-E870-CDBC-C27E53E9EC92}.Release|Any CPU.ActiveCfg = Release|Any CPU
		{AAC1B5D2-5397-E870-CDBC-C27E53E9EC92}.Release|Any CPU.Build.0 = Release|Any CPU
	EndGlobalSection
	GlobalSection(SolutionProperties) = preSolution
		HideSolutionNode = FALSE
	EndGlobalSection
EndGlobal
